
Microsoft Visual Studio Solution File, Format Version 12.00
# Visual Studio 15
Project("{FAE04EC0-301F-11D3-BF4B-00C04F79EFBC}") = "Assembly-CSharp", "Assembly-CSharp.csproj", "{990E9C41-0EE4-E748-3CF0-D2ED1C4C516C}"
EndProject
Project("{FAE04EC0-301F-11D3-BF4B-00C04F79EFBC}") = "Assembly-CSharp-Editor", "Assembly-CSharp-Editor.csproj", "{B95EF670-8E27-B5C4-4F1E-F51F039DCF8E}"
EndProject
Global
	GlobalSection(SolutionConfigurationPlatforms) = preSolution
		Debug|Any CPU = Debug|Any CPU
		Release|Any CPU = Release|Any CPU
	EndGlobalSection
	GlobalSection(ProjectConfigurationPlatforms) = postSolution
		{990E9C41-0EE4-E748-3CF0-D2ED1C4C516C}.Debug|Any CPU.ActiveCfg = Debug|Any CPU
		{990E9C41-0EE4-E748-3CF0-D2ED1C4C516C}.Debug|Any CPU.Build.0 = Debug|Any CPU
		{990E9C41-0EE4-E748-3CF0-D2ED1C4C516C}.Release|Any CPU.ActiveCfg = Release|Any CPU
		{990E9C41-0EE4-E748-3CF0-D2ED1C4C516C}.Release|Any CPU.Build.0 = Release|Any CPU
		{B95EF670-8E27-B5C4-4F1E-F51F039DCF8E}.Debug|Any CPU.ActiveCfg = Debug|Any CPU
		{B95EF670-8E27-B5C4-4F1E-F51F039DCF8E}.Debug|Any CPU.Build.0 = Debug|Any CPU
		{B95EF670-8E27-B5C4-4F1E-F51F039DCF8E}.Release|Any CPU.ActiveCfg = Release|Any CPU
		{B95EF670-8E27-B5C4-4F1E-F51F039DCF8E}.Release|Any CPU.Build.0 = Release|Any CPU
	EndGlobalSection
	GlobalSection(SolutionProperties) = preSolution
		HideSolutionNode = FALSE
	EndGlobalSection
EndGlobal
